
Microsoft Visual Studio Solution File, Format Version 12.00
# Visual Studio 15
VisualStudioVersion = 15.0.27130.2024
MinimumVisualStudioVersion = 10.0.40219.1
Project("{9A19103F-16F7-4668-BE54-9A1E7A4F7556}") = "Blip.HttpClient", "Blip.HttpClient\Blip.HttpClient.csproj", "{1B691FCF-E435-42E1-A350-AEC1724DCA4E}"
EndProject
Project("{9A19103F-16F7-4668-BE54-9A1E7A4F7556}") = "Blip.HttpClient.Tests", "Blip.HttpClient.Tests\Blip.HttpClient.Tests.csproj", "{2068B9F9-23CB-4003-B004-6CD8AFF7997A}"
EndProject
Global
	GlobalSection(SolutionConfigurationPlatforms) = preSolution
		Debug|Any CPU = Debug|Any CPU
		Release|Any CPU = Release|Any CPU
	EndGlobalSection
	GlobalSection(ProjectConfigurationPlatforms) = postSolution
		{1B691FCF-E435-42E1-A350-AEC1724DCA4E}.Debug|Any CPU.ActiveCfg = Debug|Any CPU
		{1B691FCF-E435-42E1-A350-AEC1724DCA4E}.Debug|Any CPU.Build.0 = Debug|Any CPU
		{1B691FCF-E435-42E1-A350-AEC1724DCA4E}.Release|Any CPU.ActiveCfg = Release|Any CPU
		{1B691FCF-E435-42E1-A350-AEC1724DCA4E}.Release|Any CPU.Build.0 = Release|Any CPU
		{2068B9F9-23CB-4003-B004-6CD8AFF7997A}.Debug|Any CPU.ActiveCfg = Debug|Any CPU
		{2068B9F9-23CB-4003-B004-6CD8AFF7997A}.Debug|Any CPU.Build.0 = Debug|Any CPU
		{2068B9F9-23CB-4003-B004-6CD8AFF7997A}.Release|Any CPU.ActiveCfg = Release|Any CPU
		{2068B9F9-23CB-4003-B004-6CD8AFF7997A}.Release|Any CPU.Build.0 = Release|Any CPU
	EndGlobalSection
	GlobalSection(SolutionProperties) = preSolution
		HideSolutionNode = FALSE
	EndGlobalSection
	GlobalSection(ExtensibilityGlobals) = postSolution
		SolutionGuid = {FD6371F3-415A-4CAA-9AA8-89BA15B57262}
	EndGlobalSection
EndGlobal
